
Microsoft Visual Studio Solution File, Format Version 12.00
# Visual Studio Version 17
VisualStudioVersion = 17.14.36109.1 d17.14
MinimumVisualStudioVersion = 10.0.40219.1
Project("{FAE04EC0-301F-11D3-BF4B-00C04F79EFBC}") = "BgeM3.Onnx", "BgeM3.Onnx\BgeM3.Onnx.csproj", "{063FCA47-9400-4575-9B06-143F3E0FCEE1}"
EndProject
Project("{FAE04EC0-301F-11D3-BF4B-00C04F79EFBC}") = "BgeM3.Onnx.Tests", "BgeM3.Onnx.Tests\BgeM3.Onnx.Tests.csproj", "{C29374F9-0C7D-4E59-8AA1-4D2BEB9C3BB8}"
EndProject
Global
	GlobalSection(SolutionConfigurationPlatforms) = preSolution
		Debug|Any CPU = Debug|Any CPU
		Release|Any CPU = Release|Any CPU
	EndGlobalSection
	GlobalSection(ProjectConfigurationPlatforms) = postSolution
		{063FCA47-9400-4575-9B06-143F3E0FCEE1}.Debug|Any CPU.ActiveCfg = Debug|Any CPU
		{063FCA47-9400-4575-9B06-143F3E0FCEE1}.Debug|Any CPU.Build.0 = Debug|Any CPU
		{063FCA47-9400-4575-9B06-143F3E0FCEE1}.Release|Any CPU.ActiveCfg = Release|Any CPU
		{063FCA47-9400-4575-9B06-143F3E0FCEE1}.Release|Any CPU.Build.0 = Release|Any CPU
		{C29374F9-0C7D-4E59-8AA1-4D2BEB9C3BB8}.Debug|Any CPU.ActiveCfg = Debug|Any CPU
		{C29374F9-0C7D-4E59-8AA1-4D2BEB9C3BB8}.Debug|Any CPU.Build.0 = Debug|Any CPU
		{C29374F9-0C7D-4E59-8AA1-4D2BEB9C3BB8}.Release|Any CPU.ActiveCfg = Release|Any CPU
		{C29374F9-0C7D-4E59-8AA1-4D2BEB9C3BB8}.Release|Any CPU.Build.0 = Release|Any CPU
	EndGlobalSection
	GlobalSection(SolutionProperties) = preSolution
		HideSolutionNode = FALSE
	EndGlobalSection
	GlobalSection(ExtensibilityGlobals) = postSolution
		SolutionGuid = {6F6B171B-D883-499E-9A1A-3C97C0B3D3D1}
	EndGlobalSection
EndGlobal
